// !$*UTF8*$!
{
	archiveVersion = 1;
	classes = {
	};
	objectVersion = 46;
	objects = {

/* Begin PBXBuildFile section */
		2880F31B1E014AC80045C840 /* target.c in Sources */ = {isa = PBXBuildFile; fileRef = 2880F3191E014AC80045C840 /* target.c */; };
		2880F31E1E015A1A0045C840 /* target_iphone_5_2_ios_9_2_1.c in Sources */ = {isa = PBXBuildFile; fileRef = 2880F31C1E015A1A0045C840 /* target_iphone_5_2_ios_9_2_1.c */; };
		2880F3211E015A540045C840 /* target_ipad_3_1_ios_9_3_4.c in Sources */ = {isa = PBXBuildFile; fileRef = 2880F31F1E015A540045C840 /* target_ipad_3_1_ios_9_3_4.c */; };
		43CDFA481DCFA16600046EB0 /* main.m in Sources */ = {isa = PBXBuildFile; fileRef = 43CDFA471DCFA16600046EB0 /* main.m */; };
		43CDFA4B1DCFA16600046EB0 /* AppDelegate.m in Sources */ = {isa = PBXBuildFile; fileRef = 43CDFA4A1DCFA16600046EB0 /* AppDelegate.m */; };
		43CDFA4E1DCFA16600046EB0 /* ViewController.m in Sources */ = {isa = PBXBuildFile; fileRef = 43CDFA4D1DCFA16600046EB0 /* ViewController.m */; };
		43CDFA511DCFA16600046EB0 /* Main.storyboard in Resources */ = {isa = PBXBuildFile; fileRef = 43CDFA4F1DCFA16600046EB0 /* Main.storyboard */; };
		43CDFA531DCFA16600046EB0 /* Assets.xcassets in Resources */ = {isa = PBXBuildFile; fileRef = 43CDFA521DCFA16600046EB0 /* Assets.xcassets */; };
		43CDFA561DCFA16600046EB0 /* LaunchScreen.storyboard in Resources */ = {isa = PBXBuildFile; fileRef = 43CDFA541DCFA16600046EB0 /* LaunchScreen.storyboard */; };
		43CDFA5E1DCFA1DE00046EB0 /* IOKit.framework in Frameworks */ = {isa = PBXBuildFile; fileRef = 43CDFA5D1DCFA1DE00046EB0 /* IOKit.framework */; };
		43CDFA721DCFA34300046EB0 /* exploit.c in Sources */ = {isa = PBXBuildFile; fileRef = 43CDFA711DCFA34300046EB0 /* exploit.c */; };
/* End PBXBuildFile section */

/* Begin PBXFileReference section */
		280E52501DFF78CB00FD3C93 /* exploit.h */ = {isa = PBXFileReference; lastKnownFileType = sourcecode.c.h; path = exploit.h; sourceTree = "<group>"; };
		2880F3191E014AC80045C840 /* target.c */ = {isa = PBXFileReference; fileEncoding = 4; lastKnownFileType = sourcecode.c.c; path = target.c; sourceTree = "<group>"; };
		2880F31A1E014AC80045C840 /* target.h */ = {isa = PBXFileReference; fileEncoding = 4; lastKnownFileType = sourcecode.c.h; path = target.h; sourceTree = "<group>"; };
		2880F31C1E015A1A0045C840 /* target_iphone_5_2_ios_9_2_1.c */ = {isa = PBXFileReference; fileEncoding = 4; lastKnownFileType = sourcecode.c.c; path = target_iphone_5_2_ios_9_2_1.c; sourceTree = "<group>"; };
		2880F31D1E015A1A0045C840 /* target_iphone_5_2_ios_9_2_1.h */ = {isa = PBXFileReference; fileEncoding = 4; lastKnownFileType = sourcecode.c.h; path = target_iphone_5_2_ios_9_2_1.h; sourceTree = "<group>"; };
		2880F31F1E015A540045C840 /* target_ipad_3_1_ios_9_3_4.c */ = {isa = PBXFileReference; fileEncoding = 4; lastKnownFileType = sourcecode.c.c; path = target_ipad_3_1_ios_9_3_4.c; sourceTree = "<group>"; };
		2880F3201E015A540045C840 /* target_ipad_3_1_ios_9_3_4.h */ = {isa = PBXFileReference; fileEncoding = 4; lastKnownFileType = sourcecode.c.h; path = target_ipad_3_1_ios_9_3_4.h; sourceTree = "<group>"; };
		2880F3231E015D030045C840 /* target_abstraction.h */ = {isa = PBXFileReference; lastKnownFileType = sourcecode.c.h; path = target_abstraction.h; sourceTree = "<group>"; };
		43CDFA431DCFA16600046EB0 /* Trident.app */ = {isa = PBXFileReference; explicitFileType = wrapper.application; includeInIndex = 0; path = Trident.app; sourceTree = BUILT_PRODUCTS_DIR; };
		43CDFA471DCFA16600046EB0 /* main.m */ = {isa = PBXFileReference; lastKnownFileType = sourcecode.c.objc; path = main.m; sourceTree = "<group>"; };
		43CDFA491DCFA16600046EB0 /* AppDelegate.h */ = {isa = PBXFileReference; lastKnownFileType = sourcecode.c.h; path = AppDelegate.h; sourceTree = "<group>"; };
		43CDFA4A1DCFA16600046EB0 /* AppDelegate.m */ = {isa = PBXFileReference; lastKnownFileType = sourcecode.c.objc; path = AppDelegate.m; sourceTree = "<group>"; };
		43CDFA4C1DCFA16600046EB0 /* ViewController.h */ = {isa = PBXFileReference; lastKnownFileType = sourcecode.c.h; path = ViewController.h; sourceTree = "<group>"; };
		43CDFA4D1DCFA16600046EB0 /* ViewController.m */ = {isa = PBXFileReference; lastKnownFileType = sourcecode.c.objc; path = ViewController.m; sourceTree = "<group>"; };
		43CDFA501DCFA16600046EB0 /* Base */ = {isa = PBXFileReference; lastKnownFileType = file.storyboard; name = Base; path = Base.lproj/Main.storyboard; sourceTree = "<group>"; };
		43CDFA521DCFA16600046EB0 /* Assets.xcassets */ = {isa = PBXFileReference; lastKnownFileType = folder.assetcatalog; path = Assets.xcassets; sourceTree = "<group>"; };
		43CDFA551DCFA16600046EB0 /* Base */ = {isa = PBXFileReference; lastKnownFileType = file.storyboard; name = Base; path = Base.lproj/LaunchScreen.storyboard; sourceTree = "<group>"; };
		43CDFA571DCFA16600046EB0 /* Info.plist */ = {isa = PBXFileReference; lastKnownFileType = text.plist.xml; path = Info.plist; sourceTree = "<group>"; };
		43CDFA5D1DCFA1DE00046EB0 /* IOKit.framework */ = {isa = PBXFileReference; lastKnownFileType = wrapper.framework; name = IOKit.framework; path = Platforms/iPhoneOS.platform/Developer/SDKs/iPhoneOS.sdk/System/Library/Frameworks/IOKit.framework; sourceTree = DEVELOPER_DIR; };
		43CDFA661DCFA26C00046EB0 /* IOKitKeys.h */ = {isa = PBXFileReference; fileEncoding = 4; lastKnownFileType = sourcecode.c.h; name = IOKitKeys.h; path = Headers/IOKit/IOKitKeys.h; sourceTree = "<group>"; };
		43CDFA671DCFA26C00046EB0 /* IOKitLib.h */ = {isa = PBXFileReference; fileEncoding = 4; lastKnownFileType = sourcecode.c.h; name = IOKitLib.h; path = Headers/IOKit/IOKitLib.h; sourceTree = "<group>"; };
		43CDFA681DCFA26C00046EB0 /* iokitmig.h */ = {isa = PBXFileReference; fileEncoding = 4; lastKnownFileType = sourcecode.c.h; name = iokitmig.h; path = Headers/IOKit/iokitmig.h; sourceTree = "<group>"; };
		43CDFA691DCFA26C00046EB0 /* IOReturn.h */ = {isa = PBXFileReference; fileEncoding = 4; lastKnownFileType = sourcecode.c.h; name = IOReturn.h; path = Headers/IOKit/IOReturn.h; sourceTree = "<group>"; };
		43CDFA6A1DCFA26C00046EB0 /* IOTypes.h */ = {isa = PBXFileReference; fileEncoding = 4; lastKnownFileType = sourcecode.c.h; name = IOTypes.h; path = Headers/IOKit/IOTypes.h; sourceTree = "<group>"; };
		43CDFA6B1DCFA26C00046EB0 /* OSMessageNotification.h */ = {isa = PBXFileReference; fileEncoding = 4; lastKnownFileType = sourcecode.c.h; name = OSMessageNotification.h; path = Headers/IOKit/OSMessageNotification.h; sourceTree = "<group>"; };
		43CDFA711DCFA34300046EB0 /* exploit.c */ = {isa = PBXFileReference; fileEncoding = 4; lastKnownFileType = sourcecode.c.c; path = exploit.c; sourceTree = "<group>"; };
/* End PBXFileReference section */

/* Begin PBXFrameworksBuildPhase section */
		43CDFA401DCFA16600046EB0 /* Frameworks */ = {
			isa = PBXFrameworksBuildPhase;
			buildActionMask = 2147483647;
			files = (
				43CDFA5E1DCFA1DE00046EB0 /* IOKit.framework in Frameworks */,
			);
			runOnlyForDeploymentPostprocessing = 0;
		};
/* End PBXFrameworksBuildPhase section */

/* Begin PBXGroup section */
		2880F3221E015A680045C840 /* targets */ = {
			isa = PBXGroup;
			children = (
				2880F3231E015D030045C840 /* target_abstraction.h */,
				2880F31A1E014AC80045C840 /* target.h */,
				2880F3191E014AC80045C840 /* target.c */,
				2880F31D1E015A1A0045C840 /* target_iphone_5_2_ios_9_2_1.h */,
				2880F31C1E015A1A0045C840 /* target_iphone_5_2_ios_9_2_1.c */,
				2880F3201E015A540045C840 /* target_ipad_3_1_ios_9_3_4.h */,
				2880F31F1E015A540045C840 /* target_ipad_3_1_ios_9_3_4.c */,
			);
			name = targets;
			sourceTree = "<group>";
		};
		43CDFA3A1DCFA16600046EB0 = {
			isa = PBXGroup;
			children = (
				43CDFA451DCFA16600046EB0 /* Trident */,
				43CDFA6C1DCFA27800046EB0 /* Headers */,
				43CDFA5F1DCFA1E300046EB0 /* Frameworks */,
				43CDFA441DCFA16600046EB0 /* Products */,
			);
			sourceTree = "<group>";
		};
		43CDFA441DCFA16600046EB0 /* Products */ = {
			isa = PBXGroup;
			children = (
				43CDFA431DCFA16600046EB0 /* Trident.app */,
			);
			name = Products;
			sourceTree = "<group>";
		};
		43CDFA451DCFA16600046EB0 /* Trident */ = {
			isa = PBXGroup;
			children = (
				43CDFA491DCFA16600046EB0 /* AppDelegate.h */,
				43CDFA4A1DCFA16600046EB0 /* AppDelegate.m */,
				43CDFA4C1DCFA16600046EB0 /* ViewController.h */,
				43CDFA4D1DCFA16600046EB0 /* ViewController.m */,
				43CDFA4F1DCFA16600046EB0 /* Main.storyboard */,
				43CDFA521DCFA16600046EB0 /* Assets.xcassets */,
				43CDFA541DCFA16600046EB0 /* LaunchScreen.storyboard */,
				43CDFA571DCFA16600046EB0 /* Info.plist */,
				43CDFA461DCFA16600046EB0 /* Supporting Files */,
				280E52501DFF78CB00FD3C93 /* exploit.h */,
				43CDFA711DCFA34300046EB0 /* exploit.c */,
				2880F3221E015A680045C840 /* targets */,
			);
			path = Trident;
			sourceTree = "<group>";
		};
		43CDFA461DCFA16600046EB0 /* Supporting Files */ = {
			isa = PBXGroup;
			children = (
				43CDFA471DCFA16600046EB0 /* main.m */,
			);
			name = "Supporting Files";
			sourceTree = "<group>";
		};
		43CDFA5F1DCFA1E300046EB0 /* Frameworks */ = {
			isa = PBXGroup;
			children = (
				43CDFA5D1DCFA1DE00046EB0 /* IOKit.framework */,
			);
			name = Frameworks;
			sourceTree = "<group>";
		};
		43CDFA6C1DCFA27800046EB0 /* Headers */ = {
			isa = PBXGroup;
			children = (
				43CDFA6D1DCFA27F00046EB0 /* IOKit */,
			);
			name = Headers;
			sourceTree = "<group>";
		};
		43CDFA6D1DCFA27F00046EB0 /* IOKit */ = {
			isa = PBXGroup;
			children = (
				43CDFA661DCFA26C00046EB0 /* IOKitKeys.h */,
				43CDFA671DCFA26C00046EB0 /* IOKitLib.h */,
				43CDFA681DCFA26C00046EB0 /* iokitmig.h */,
				43CDFA691DCFA26C00046EB0 /* IOReturn.h */,
				43CDFA6A1DCFA26C00046EB0 /* IOTypes.h */,
				43CDFA6B1DCFA26C00046EB0 /* OSMessageNotification.h */,
			);
			name = IOKit;
			sourceTree = "<group>";
		};
/* End PBXGroup section */

/* Begin PBXNativeTarget section */
		43CDFA421DCFA16600046EB0 /* Trident */ = {
			isa = PBXNativeTarget;
			buildConfigurationList = 43CDFA5A1DCFA16600046EB0 /* Build configuration list for PBXNativeTarget "Trident" */;
			buildPhases = (
				43CDFA3F1DCFA16600046EB0 /* Sources */,
				43CDFA401DCFA16600046EB0 /* Frameworks */,
				43CDFA411DCFA16600046EB0 /* Resources */,
			);
			buildRules = (
			);
			dependencies = (
			);
			name = Trident;
			productName = Trident;
			productReference = 43CDFA431DCFA16600046EB0 /* Trident.app */;
			productType = "com.apple.product-type.application";
		};
/* End PBXNativeTarget section */

/* Begin PBXProject section */
		43CDFA3B1DCFA16600046EB0 /* Project object */ = {
			isa = PBXProject;
			attributes = {
				LastUpgradeCheck = 0810;
				ORGANIZATIONNAME = "Benjamin Randazzo";
				TargetAttributes = {
					43CDFA421DCFA16600046EB0 = {
						CreatedOnToolsVersion = 7.3.1;
						DevelopmentTeam = 4P3PNUDM94;
					};
				};
			};
			buildConfigurationList = 43CDFA3E1DCFA16600046EB0 /* Build configuration list for PBXProject "Trident" */;
			compatibilityVersion = "Xcode 3.2";
			developmentRegion = English;
			hasScannedForEncodings = 0;
			knownRegions = (
				en,
				Base,
			);
			mainGroup = 43CDFA3A1DCFA16600046EB0;
			productRefGroup = 43CDFA441DCFA16600046EB0 /* Products */;
			projectDirPath = "";
			projectRoot = "";
			targets = (
				43CDFA421DCFA16600046EB0 /* Trident */,
			);
		};
/* End PBXProject section */

/* Begin PBXResourcesBuildPhase section */
		43CDFA411DCFA16600046EB0 /* Resources */ = {
			isa = PBXResourcesBuildPhase;
			buildActionMask = 2147483647;
			files = (
				43CDFA561DCFA16600046EB0 /* LaunchScreen.storyboard in Resources */,
				43CDFA531DCFA16600046EB0 /* Assets.xcassets in Resources */,
				43CDFA511DCFA16600046EB0 /* Main.storyboard in Resources */,
			);
			runOnlyForDeploymentPostprocessing = 0;
		};
/* End PBXResourcesBuildPhase section */

/* Begin PBXSourcesBuildPhase section */
		43CDFA3F1DCFA16600046EB0 /* Sources */ = {
			isa = PBXSourcesBuildPhase;
			buildActionMask = 2147483647;
			files = (
				43CDFA4E1DCFA16600046EB0 /* ViewController.m in Sources */,
				2880F3211E015A540045C840 /* target_ipad_3_1_ios_9_3_4.c in Sources */,
				2880F31E1E015A1A0045C840 /* target_iphone_5_2_ios_9_2_1.c in Sources */,
				43CDFA4B1DCFA16600046EB0 /* AppDelegate.m in Sources */,
				43CDFA481DCFA16600046EB0 /* main.m in Sources */,
				43CDFA721DCFA34300046EB0 /* exploit.c in Sources */,
				2880F31B1E014AC80045C840 /* target.c in Sources */,
			);
			runOnlyForDeploymentPostprocessing = 0;
		};
/* End PBXSourcesBuildPhase section */

/* Begin PBXVariantGroup section */
		43CDFA4F1DCFA16600046EB0 /* Main.storyboard */ = {
			isa = PBXVariantGroup;
			children = (
				43CDFA501DCFA16600046EB0 /* Base */,
			);
			name = Main.storyboard;
			sourceTree = "<group>";
		};
		43CDFA541DCFA16600046EB0 /* LaunchScreen.storyboard */ = {
			isa = PBXVariantGroup;
			children = (
				43CDFA551DCFA16600046EB0 /* Base */,
			);
			name = LaunchScreen.storyboard;
			sourceTree = "<group>";
		};
/* End PBXVariantGroup section */

/* Begin XCBuildConfiguration section */
		43CDFA581DCFA16600046EB0 /* Debug */ = {
			isa = XCBuildConfiguration;
			buildSettings = {
				ALWAYS_SEARCH_USER_PATHS = NO;
				CLANG_ANALYZER_NONNULL = YES;
				CLANG_CXX_LANGUAGE_STANDARD = "gnu++0x";
				CLANG_CXX_LIBRARY = "libc++";
				CLANG_ENABLE_MODULES = YES;
				CLANG_ENABLE_OBJC_ARC = YES;
				CLANG_WARN_BOOL_CONVERSION = YES;
				CLANG_WARN_CONSTANT_CONVERSION = YES;
				CLANG_WARN_DIRECT_OBJC_ISA_USAGE = YES_ERROR;
				CLANG_WARN_EMPTY_BODY = YES;
				CLANG_WARN_ENUM_CONVERSION = YES;
				CLANG_WARN_INFINITE_RECURSION = YES;
				CLANG_WARN_INT_CONVERSION = YES;
				CLANG_WARN_OBJC_ROOT_CLASS = YES_ERROR;
				CLANG_WARN_SUSPICIOUS_MOVE = YES;
				CLANG_WARN_UNREACHABLE_CODE = YES;
				CLANG_WARN__DUPLICATE_METHOD_MATCH = YES;
				"CODE_SIGN_IDENTITY[sdk=iphoneos*]" = "iPhone Developer";
				COPY_PHASE_STRIP = NO;
				DEBUG_INFORMATION_FORMAT = dwarf;
				ENABLE_STRICT_OBJC_MSGSEND = YES;
				ENABLE_TESTABILITY = YES;
				GCC_C_LANGUAGE_STANDARD = gnu99;
				GCC_DYNAMIC_NO_PIC = NO;
				GCC_NO_COMMON_BLOCKS = YES;
				GCC_OPTIMIZATION_LEVEL = 0;
				GCC_PREPROCESSOR_DEFINITIONS = (
					"DEBUG=1",
					"$(inherited)",
				);
				GCC_WARN_64_TO_32_BIT_CONVERSION = YES;
				GCC_WARN_ABOUT_RETURN_TYPE = YES_ERROR;
				GCC_WARN_UNDECLARED_SELECTOR = YES;
				GCC_WARN_UNINITIALIZED_AUTOS = YES_AGGRESSIVE;
				GCC_WARN_UNUSED_FUNCTION = YES;
				GCC_WARN_UNUSED_VARIABLE = YES;
				IPHONEOS_DEPLOYMENT_TARGET = 9.3;
				MTL_ENABLE_DEBUG_INFO = YES;
				ONLY_ACTIVE_ARCH = YES;
				SDKROOT = iphoneos;
				TARGETED_DEVICE_FAMILY = "1,2";
			};
			name = Debug;
		};
		43CDFA591DCFA16600046EB0 /* Release */ = {
			isa = XCBuildConfiguration;
			buildSettings = {
				ALWAYS_SEARCH_USER_PATHS = NO;
				CLANG_ANALYZER_NONNULL = YES;
				CLANG_CXX_LANGUAGE_STANDARD = "gnu++0x";
				CLANG_CXX_LIBRARY = "libc++";
				CLANG_ENABLE_MODULES = YES;
				CLANG_ENABLE_OBJC_ARC = YES;
				CLANG_WARN_BOOL_CONVERSION = YES;
				CLANG_WARN_CONSTANT_CONVERSION = YES;
				CLANG_WARN_DIRECT_OBJC_ISA_USAGE = YES_ERROR;
				CLANG_WARN_EMPTY_BODY = YES;
				CLANG_WARN_ENUM_CONVERSION = YES;
				CLANG_WARN_INFINITE_RECURSION = YES;
				CLANG_WARN_INT_CONVERSION = YES;
				CLANG_WARN_OBJC_ROOT_CLASS = YES_ERROR;
				CLANG_WARN_SUSPICIOUS_MOVE = YES;
				CLANG_WARN_UNREACHABLE_CODE = YES;
				CLANG_WARN__DUPLICATE_METHOD_MATCH = YES;
				"CODE_SIGN_IDENTITY[sdk=iphoneos*]" = "iPhone Developer";
				COPY_PHASE_STRIP = NO;
				DEBUG_INFORMATION_FORMAT = "dwarf-with-dsym";
				ENABLE_NS_ASSERTIONS = NO;
				ENABLE_STRICT_OBJC_MSGSEND = YES;
				GCC_C_LANGUAGE_STANDARD = gnu99;
				GCC_NO_COMMON_BLOCKS = YES;
				GCC_WARN_64_TO_32_BIT_CONVERSION = YES;
				GCC_WARN_ABOUT_RETURN_TYPE = YES_ERROR;
				GCC_WARN_UNDECLARED_SELECTOR = YES;
				GCC_WARN_UNINITIALIZED_AUTOS = YES_AGGRESSIVE;
				GCC_WARN_UNUSED_FUNCTION = YES;
				GCC_WARN_UNUSED_VARIABLE = YES;
				IPHONEOS_DEPLOYMENT_TARGET = 9.3;
				MTL_ENABLE_DEBUG_INFO = NO;
				SDKROOT = iphoneos;
				TARGETED_DEVICE_FAMILY = "1,2";
				VALIDATE_PRODUCT = YES;
			};
			name = Release;
		};
		43CDFA5B1DCFA16600046EB0 /* Debug */ = {
			isa = XCBuildConfiguration;
			buildSettings = {
				ALWAYS_SEARCH_USER_PATHS = YES;
				ARCHS = "$(ARCHS_STANDARD_32_BIT)";
				ASSETCATALOG_COMPILER_APPICON_NAME = AppIcon;
				DEVELOPMENT_TEAM = 4P3PNUDM94;
				INFOPLIST_FILE = Trident/Info.plist;
				IPHONEOS_DEPLOYMENT_TARGET = 9.0;
				LD_RUNPATH_SEARCH_PATHS = "$(inherited) @executable_path/Frameworks";
				OTHER_CFLAGS = "-fno-stack-protector";
				PRODUCT_BUNDLE_IDENTIFIER = "com.Benjamin-Randazzo.Trident";
				PRODUCT_NAME = "$(TARGET_NAME)";
				USER_HEADER_SEARCH_PATHS = "$(PROJECT_DIR)/Headers";
				VALID_ARCHS = "armv7 armv7s";
			};
			name = Debug;
		};
		43CDFA5C1DCFA16600046EB0 /* Release */ = {
			isa = XCBuildConfiguration;
			buildSettings = {
				ALWAYS_SEARCH_USER_PATHS = YES;
				ARCHS = "$(ARCHS_STANDARD_32_BIT)";
				ASSETCATALOG_COMPILER_APPICON_NAME = AppIcon;
				DEVELOPMENT_TEAM = 4P3PNUDM94;
				INFOPLIST_FILE = Trident/Info.plist;
				IPHONEOS_DEPLOYMENT_TARGET = 9.0;
				LD_RUNPATH_SEARCH_PATHS = "$(inherited) @executable_path/Frameworks";
				OTHER_CFLAGS = "-fno-stack-protector";
				PRODUCT_BUNDLE_IDENTIFIER = "com.Benjamin-Randazzo.Trident";
				PRODUCT_NAME = "$(TARGET_NAME)";
				USER_HEADER_SEARCH_PATHS = "$(PROJECT_DIR)/Headers";
				VALID_ARCHS = "armv7 armv7s";
			};
			name = Release;
		};
/* End XCBuildConfiguration section */

/* Begin XCConfigurationList section */
		43CDFA3E1DCFA16600046EB0 /* Build configuration list for PBXProject "Trident" */ = {
			isa = XCConfigurationList;
			buildConfigurations = (
				43CDFA581DCFA16600046EB0 /* Debug */,
				43CDFA591DCFA16600046EB0 /* Release */,
			);
			defaultConfigurationIsVisible = 0;
			defaultConfigurationName = Release;
		};
		43CDFA5A1DCFA16600046EB0 /* Build configuration list for PBXNativeTarget "Trident" */ = {
			isa = XCConfigurationList;
			buildConfigurations = (
				43CDFA5B1DCFA16600046EB0 /* Debug */,
				43CDFA5C1DCFA16600046EB0 /* Release */,
			);
			defaultConfigurationIsVisible = 0;
			defaultConfigurationName = Release;
		};
/* End XCConfigurationList section */
	};
	rootObject = 43CDFA3B1DCFA16600046EB0 /* Project object */;
}
